{
  "name": "kanban-fire",
  "lockfileVersion": 2,
  "requires": true,
  "packages": {
    "": {
      "dependencies": {
        "@angular/cdk": "^14.0.1",
        "@angular/material": "^14.0.1"
      }
    },
    "node_modules/@angular/animations": {
      "version": "14.0.0",
      "resolved": "https://registry.npmjs.org/@angular/animations/-/animations-14.0.0.tgz",
      "integrity": "sha512-HVcS4l0eStcA2RDDQcxqChFHVN3BfQdvx68HRTuVDYbUSS4xdL5Hsk8OMkczV1pFDn+URKH1A363bTy5juyDaQ==",
      "peer": true,
      "dependencies": {
        "tslib": "^2.3.0"
      },
      "engines": {
        "node": "^14.15.0 || >=16.10.0"
      },
      "peerDependencies": {
        "@angular/core": "14.0.0"
      }
    },
    "node_modules/@angular/cdk": {
      "version": "14.0.1",
      "resolved": "https://registry.npmjs.org/@angular/cdk/-/cdk-14.0.1.tgz",
      "integrity": "sha512-kiCzcNaUjJ/muxUk1OyIl9tuSlt2PzY3vO6A0/mRUGk7ejXbiN07jZCgNAQuWNcvaLpAtqTi7sWOVNUNooCgxw==",
      "dependencies": {
        "tslib": "^2.3.0"
      },
      "optionalDependencies": {
        "parse5": "^5.0.0"
      },
      "peerDependencies": {
        "@angular/common": "^14.0.0 || ^15.0.0",
        "@angular/core": "^14.0.0 || ^15.0.0",
        "rxjs": "^6.5.3 || ^7.4.0"
      }
    },
    "node_modules/@angular/common": {
      "version": "14.0.0",
      "resolved": "https://registry.npmjs.org/@angular/common/-/common-14.0.0.tgz",
      "integrity": "sha512-VYydSXelPlcAnWZs6SKkOxV+rNe8zOtHKLf9jBTYT5nP5P66+va4zITo1C9bs5tbK+mRssayf615+SIGEXyJFg==",
      "peer": true,
      "dependencies": {
        "tslib": "^2.3.0"
      },
      "engines": {
        "node": "^14.15.0 || >=16.10.0"
      },
      "peerDependencies": {
        "@angular/core": "14.0.0",
        "rxjs": "^6.5.3 || ^7.4.0"
      }
    },
    "node_modules/@angular/core": {
      "version": "14.0.0",
      "resolved": "https://registry.npmjs.org/@angular/core/-/core-14.0.0.tgz",
      "integrity": "sha512-Mj3r8iMlWfMbY+9DRUFZx1gKnA27Jwx3ff/VXeXBgfxaEKDYmlZSnliZSV6ssiHSUwn/U6yxDXFgcZL090zNBQ==",
      "peer": true,
      "dependencies": {
        "tslib": "^2.3.0"
      },
      "engines": {
        "node": "^14.15.0 || >=16.10.0"
      },
      "peerDependencies": {
        "rxjs": "^6.5.3 || ^7.4.0",
        "zone.js": "~0.11.4"
      }
    },
    "node_modules/@angular/forms": {
      "version": "14.0.0",
      "resolved": "https://registry.npmjs.org/@angular/forms/-/forms-14.0.0.tgz",
      "integrity": "sha512-r2FHcJve+/rXU4wdCA50nwySGKB5/bxqpULOGeWs4FIdKcUoTnzHtqMsd7sUa7wOA40O4fBHAxKPDGPJPl5CEA==",
      "peer": true,
      "dependencies": {
        "tslib": "^2.3.0"
      },
      "engines": {
        "node": "^14.15.0 || >=16.10.0"
      },
      "peerDependencies": {
        "@angular/common": "14.0.0",
        "@angular/core": "14.0.0",
        "@angular/platform-browser": "14.0.0",
        "rxjs": "^6.5.3 || ^7.4.0"
      }
    },
    "node_modules/@angular/material": {
      "version": "14.0.1",
      "resolved": "https://registry.npmjs.org/@angular/material/-/material-14.0.1.tgz",
      "integrity": "sha512-SkH7MCfFBRj/+HP/JwYiYHd8uo38qtwR66hZKQcP2XaQgO323llVQ27MB+TRkbxO2mifpP2gh40nJCv6KaNsxg==",
      "dependencies": {
        "tslib": "^2.3.0"
      },
      "peerDependencies": {
        "@angular/animations": "^14.0.0 || ^15.0.0",
        "@angular/cdk": "14.0.1",
        "@angular/common": "^14.0.0 || ^15.0.0",
        "@angular/core": "^14.0.0 || ^15.0.0",
        "@angular/forms": "^14.0.0 || ^15.0.0",
        "@angular/platform-browser": "^14.0.0 || ^15.0.0",
        "rxjs": "^6.5.3 || ^7.4.0"
      }
    },
    "node_modules/@angular/platform-browser": {
      "version": "14.0.0",
      "resolved": "https://registry.npmjs.org/@angular/platform-browser/-/platform-browser-14.0.0.tgz",
      "integrity": "sha512-zijIhUxu3nJxoI3mTWxs1d7dh9ovldI09diumlm/rOhj/46j4SvGn8swJvWr0eo/QipkdP+i2Q1lAlpmRfI+tQ==",
      "peer": true,
      "dependencies": {
        "tslib": "^2.3.0"
      },
      "engines": {
        "node": "^14.15.0 || >=16.10.0"
      },
      "peerDependencies": {
        "@angular/animations": "14.0.0",
        "@angular/common": "14.0.0",
        "@angular/core": "14.0.0"
      },
      "peerDependenciesMeta": {
        "@angular/animations": {
          "optional": true
        }
      }
    },
    "node_modules/parse5": {
      "version": "5.1.1",
      "resolved": "https://registry.npmjs.org/parse5/-/parse5-5.1.1.tgz",
      "integrity": "sha512-ugq4DFI0Ptb+WWjAdOK16+u/nHfiIrcE+sh8kZMaM0WllQKLI9rOUq6c2b7cwPkXdzfQESqvoqK6ug7U/Yyzug==",
      "optional": true
    },
    "node_modules/rxjs": {
      "version": "7.5.5",
      "resolved": "https://registry.npmjs.org/rxjs/-/rxjs-7.5.5.tgz",
      "integrity": "sha512-sy+H0pQofO95VDmFLzyaw9xNJU4KTRSwQIGM6+iG3SypAtCiLDzpeG8sJrNCWn2Up9km+KhkvTdbkrdy+yzZdw==",
      "peer": true,
      "dependencies": {
        "tslib": "^2.1.0"
      }
    },
    "node_modules/tslib": {
      "version": "2.4.0",
      "resolved": "https://registry.npmjs.org/tslib/-/tslib-2.4.0.tgz",
      "integrity": "sha512-d6xOpEDfsi2CZVlPQzGeux8XMwLT9hssAsaPYExaQMuYskwb+x1x7J371tWlbBdWHroy99KnVB6qIkUbs5X3UQ=="
    },
    "node_modules/zone.js": {
      "version": "0.11.5",
      "resolved": "https://registry.npmjs.org/zone.js/-/zone.js-0.11.5.tgz",
      "integrity": "sha512-D1/7VxEuQ7xk6z/kAROe4SUbd9CzxY4zOwVGnGHerd/SgLIVU5f4esDzQUsOCeArn933BZfWMKydH7l7dPEp0g==",
      "peer": true,
      "dependencies": {
        "tslib": "^2.3.0"
      }
    }
  },
  "dependencies": {
    "@angular/animations": {
      "version": "14.0.0",
      "resolved": "https://registry.npmjs.org/@angular/animations/-/animations-14.0.0.tgz",
      "integrity": "sha512-HVcS4l0eStcA2RDDQcxqChFHVN3BfQdvx68HRTuVDYbUSS4xdL5Hsk8OMkczV1pFDn+URKH1A363bTy5juyDaQ==",
      "peer": true,
      "requires": {
        "tslib": "^2.3.0"
      }
    },
    "@angular/cdk": {
      "version": "14.0.1",
      "resolved": "https://registry.npmjs.org/@angular/cdk/-/cdk-14.0.1.tgz",
      "integrity": "sha512-kiCzcNaUjJ/muxUk1OyIl9tuSlt2PzY3vO6A0/mRUGk7ejXbiN07jZCgNAQuWNcvaLpAtqTi7sWOVNUNooCgxw==",
      "requires": {
        "parse5": "^5.0.0",
        "tslib": "^2.3.0"
      }
    },
    "@angular/common": {
      "version": "14.0.0",
      "resolved": "https://registry.npmjs.org/@angular/common/-/common-14.0.0.tgz",
      "integrity": "sha512-VYydSXelPlcAnWZs6SKkOxV+rNe8zOtHKLf9jBTYT5nP5P66+va4zITo1C9bs5tbK+mRssayf615+SIGEXyJFg==",
      "peer": true,
      "requires": {
        "tslib": "^2.3.0"
      }
    },
    "@angular/core": {
      "version": "14.0.0",
      "resolved": "https://registry.npmjs.org/@angular/core/-/core-14.0.0.tgz",
      "integrity": "sha512-Mj3r8iMlWfMbY+9DRUFZx1gKnA27Jwx3ff/VXeXBgfxaEKDYmlZSnliZSV6ssiHSUwn/U6yxDXFgcZL090zNBQ==",
      "peer": true,
      "requires": {
        "tslib": "^2.3.0"
      }
    },
    "@angular/forms": {
      "version": "14.0.0",
      "resolved": "https://registry.npmjs.org/@angular/forms/-/forms-14.0.0.tgz",
      "integrity": "sha512-r2FHcJve+/rXU4wdCA50nwySGKB5/bxqpULOGeWs4FIdKcUoTnzHtqMsd7sUa7wOA40O4fBHAxKPDGPJPl5CEA==",
      "peer": true,
      "requires": {
        "tslib": "^2.3.0"
      }
    },
    "@angular/material": {
      "version": "14.0.1",
      "resolved": "https://registry.npmjs.org/@angular/material/-/material-14.0.1.tgz",
      "integrity": "sha512-SkH7MCfFBRj/+HP/JwYiYHd8uo38qtwR66hZKQcP2XaQgO323llVQ27MB+TRkbxO2mifpP2gh40nJCv6KaNsxg==",
      "requires": {
        "tslib": "^2.3.0"
      }
    },
    "@angular/platform-browser": {
      "version": "14.0.0",
      "resolved": "https://registry.npmjs.org/@angular/platform-browser/-/platform-browser-14.0.0.tgz",
      "integrity": "sha512-zijIhUxu3nJxoI3mTWxs1d7dh9ovldI09diumlm/rOhj/46j4SvGn8swJvWr0eo/QipkdP+i2Q1lAlpmRfI+tQ==",
      "peer": true,
      "requires": {
        "tslib": "^2.3.0"
      }
    },
    "parse5": {
      "version": "5.1.1",
      "resolved": "https://registry.npmjs.org/parse5/-/parse5-5.1.1.tgz",
      "integrity": "sha512-ugq4DFI0Ptb+WWjAdOK16+u/nHfiIrcE+sh8kZMaM0WllQKLI9rOUq6c2b7cwPkXdzfQESqvoqK6ug7U/Yyzug==",
      "optional": true
    },
    "rxjs": {
      "version": "7.5.5",
      "resolved": "https://registry.npmjs.org/rxjs/-/rxjs-7.5.5.tgz",
      "integrity": "sha512-sy+H0pQofO95VDmFLzyaw9xNJU4KTRSwQIGM6+iG3SypAtCiLDzpeG8sJrNCWn2Up9km+KhkvTdbkrdy+yzZdw==",
      "peer": true,
      "requires": {
        "tslib": "^2.1.0"
      }
    },
    "tslib": {
      "version": "2.4.0",
      "resolved": "https://registry.npmjs.org/tslib/-/tslib-2.4.0.tgz",
      "integrity": "sha512-d6xOpEDfsi2CZVlPQzGeux8XMwLT9hssAsaPYExaQMuYskwb+x1x7J371tWlbBdWHroy99KnVB6qIkUbs5X3UQ=="
    },
    "zone.js": {
      "version": "0.11.5",
      "resolved": "https://registry.npmjs.org/zone.js/-/zone.js-0.11.5.tgz",
      "integrity": "sha512-D1/7VxEuQ7xk6z/kAROe4SUbd9CzxY4zOwVGnGHerd/SgLIVU5f4esDzQUsOCeArn933BZfWMKydH7l7dPEp0g==",
      "peer": true,
      "requires": {
        "tslib": "^2.3.0"
      }
    }
  }
}
